
Microsoft Visual Studio Solution File, Format Version 12.00
# Visual Studio 2012
Project("{FAE04EC0-301F-11D3-BF4B-00C04F79EFBC}") = "ModernDirectory", "ModernDirectory\ModernDirectory.csproj", "{0E7F7036-053C-421D-89DB-66116EE59A47}"
EndProject
Project("{FAE04EC0-301F-11D3-BF4B-00C04F79EFBC}") = "ModernDirectory.iOS", "iOS\ModernDirectory.iOS.csproj", "{D8CD0B7E-4DD0-4C26-90B3-5C9275B620B0}"
EndProject
Project("{FAE04EC0-301F-11D3-BF4B-00C04F79EFBC}") = "ModernDirectory.Droid", "Droid\ModernDirectory.Droid.csproj", "{67793473-D0BE-4C4D-B6B3-04A793CFF5AF}"
EndProject
Project("{FAE04EC0-301F-11D3-BF4B-00C04F79EFBC}") = "ModernDirectory.UITests", "UITests\ModernDirectory.UITests.csproj", "{CE0AAEF1-47A8-407D-8084-0C351D6D1CC4}"
EndProject
Global
	GlobalSection(SolutionConfigurationPlatforms) = preSolution
		Debug|Any CPU = Debug|Any CPU
		Release|Any CPU = Release|Any CPU
		Debug|iPhoneSimulator = Debug|iPhoneSimulator
		Release|iPhone = Release|iPhone
		Release|iPhoneSimulator = Release|iPhoneSimulator
		Debug|iPhone = Debug|iPhone
	EndGlobalSection
	GlobalSection(ProjectConfigurationPlatforms) = postSolution
		{0E7F7036-053C-421D-89DB-66116EE59A47}.Debug|Any CPU.ActiveCfg = Debug|Any CPU
		{0E7F7036-053C-421D-89DB-66116EE59A47}.Debug|Any CPU.Build.0 = Debug|Any CPU
		{0E7F7036-053C-421D-89DB-66116EE59A47}.Debug|iPhone.ActiveCfg = Debug|Any CPU
		{0E7F7036-053C-421D-89DB-66116EE59A47}.Debug|iPhone.Build.0 = Debug|Any CPU
		{0E7F7036-053C-421D-89DB-66116EE59A47}.Debug|iPhoneSimulator.ActiveCfg = Debug|Any CPU
		{0E7F7036-053C-421D-89DB-66116EE59A47}.Debug|iPhoneSimulator.Build.0 = Debug|Any CPU
		{0E7F7036-053C-421D-89DB-66116EE59A47}.Release|Any CPU.ActiveCfg = Release|Any CPU
		{0E7F7036-053C-421D-89DB-66116EE59A47}.Release|Any CPU.Build.0 = Release|Any CPU
		{0E7F7036-053C-421D-89DB-66116EE59A47}.Release|iPhone.ActiveCfg = Release|Any CPU
		{0E7F7036-053C-421D-89DB-66116EE59A47}.Release|iPhone.Build.0 = Release|Any CPU
		{0E7F7036-053C-421D-89DB-66116EE59A47}.Release|iPhoneSimulator.ActiveCfg = Release|Any CPU
		{0E7F7036-053C-421D-89DB-66116EE59A47}.Release|iPhoneSimulator.Build.0 = Release|Any CPU
		{67793473-D0BE-4C4D-B6B3-04A793CFF5AF}.Debug|Any CPU.ActiveCfg = Debug|Any CPU
		{67793473-D0BE-4C4D-B6B3-04A793CFF5AF}.Debug|Any CPU.Build.0 = Debug|Any CPU
		{67793473-D0BE-4C4D-B6B3-04A793CFF5AF}.Debug|iPhone.ActiveCfg = Debug|Any CPU
		{67793473-D0BE-4C4D-B6B3-04A793CFF5AF}.Debug|iPhoneSimulator.ActiveCfg = Debug|Any CPU
		{67793473-D0BE-4C4D-B6B3-04A793CFF5AF}.Release|Any CPU.ActiveCfg = Release|Any CPU
		{67793473-D0BE-4C4D-B6B3-04A793CFF5AF}.Release|Any CPU.Build.0 = Release|Any CPU
		{67793473-D0BE-4C4D-B6B3-04A793CFF5AF}.Release|iPhone.ActiveCfg = Release|Any CPU
		{67793473-D0BE-4C4D-B6B3-04A793CFF5AF}.Release|iPhoneSimulator.ActiveCfg = Release|Any CPU
		{CE0AAEF1-47A8-407D-8084-0C351D6D1CC4}.Debug|Any CPU.ActiveCfg = Debug|Any CPU
		{CE0AAEF1-47A8-407D-8084-0C351D6D1CC4}.Debug|Any CPU.Build.0 = Debug|Any CPU
		{CE0AAEF1-47A8-407D-8084-0C351D6D1CC4}.Debug|iPhone.ActiveCfg = Debug|Any CPU
		{CE0AAEF1-47A8-407D-8084-0C351D6D1CC4}.Debug|iPhone.Build.0 = Debug|Any CPU
		{CE0AAEF1-47A8-407D-8084-0C351D6D1CC4}.Debug|iPhoneSimulator.ActiveCfg = Debug|Any CPU
		{CE0AAEF1-47A8-407D-8084-0C351D6D1CC4}.Debug|iPhoneSimulator.Build.0 = Debug|Any CPU
		{CE0AAEF1-47A8-407D-8084-0C351D6D1CC4}.Release|Any CPU.ActiveCfg = Release|Any CPU
		{CE0AAEF1-47A8-407D-8084-0C351D6D1CC4}.Release|Any CPU.Build.0 = Release|Any CPU
		{CE0AAEF1-47A8-407D-8084-0C351D6D1CC4}.Release|iPhone.ActiveCfg = Release|Any CPU
		{CE0AAEF1-47A8-407D-8084-0C351D6D1CC4}.Release|iPhone.Build.0 = Release|Any CPU
		{CE0AAEF1-47A8-407D-8084-0C351D6D1CC4}.Release|iPhoneSimulator.ActiveCfg = Release|Any CPU
		{CE0AAEF1-47A8-407D-8084-0C351D6D1CC4}.Release|iPhoneSimulator.Build.0 = Release|Any CPU
		{D8CD0B7E-4DD0-4C26-90B3-5C9275B620B0}.Debug|Any CPU.ActiveCfg = Debug|iPhoneSimulator
		{D8CD0B7E-4DD0-4C26-90B3-5C9275B620B0}.Debug|Any CPU.Build.0 = Debug|iPhoneSimulator
		{D8CD0B7E-4DD0-4C26-90B3-5C9275B620B0}.Debug|iPhone.ActiveCfg = Debug|iPhone
		{D8CD0B7E-4DD0-4C26-90B3-5C9275B620B0}.Debug|iPhone.Build.0 = Debug|iPhone
		{D8CD0B7E-4DD0-4C26-90B3-5C9275B620B0}.Debug|iPhoneSimulator.ActiveCfg = Debug|iPhoneSimulator
		{D8CD0B7E-4DD0-4C26-90B3-5C9275B620B0}.Debug|iPhoneSimulator.Build.0 = Debug|iPhoneSimulator
		{D8CD0B7E-4DD0-4C26-90B3-5C9275B620B0}.Release|Any CPU.ActiveCfg = Release|iPhone
		{D8CD0B7E-4DD0-4C26-90B3-5C9275B620B0}.Release|iPhone.ActiveCfg = Release|iPhone
		{D8CD0B7E-4DD0-4C26-90B3-5C9275B620B0}.Release|iPhone.Build.0 = Release|iPhone
		{D8CD0B7E-4DD0-4C26-90B3-5C9275B620B0}.Release|iPhoneSimulator.ActiveCfg = Release|iPhoneSimulator
		{D8CD0B7E-4DD0-4C26-90B3-5C9275B620B0}.Release|iPhoneSimulator.Build.0 = Release|iPhoneSimulator
	EndGlobalSection
EndGlobal
